
Microsoft Visual Studio Solution File, Format Version 11.00
# Visual Studio 2010
Project("{FAE04EC0-301F-11D3-BF4B-00C04F79EFBC}") = "lebeau_Shoot_TermProjectStage3", "Assembly-CSharp.csproj", "{AE4908B3-8202-3CC7-3D97-393B3447E6AB}"
EndProject
Global
	GlobalSection(SolutionConfigurationPlatforms) = preSolution
		Debug|Any CPU = Debug|Any CPU
		Release|Any CPU = Release|Any CPU
	EndGlobalSection
	GlobalSection(ProjectConfigurationPlatforms) = postSolution
		{AE4908B3-8202-3CC7-3D97-393B3447E6AB}.Debug|Any CPU.ActiveCfg = Debug|Any CPU
		{AE4908B3-8202-3CC7-3D97-393B3447E6AB}.Debug|Any CPU.Build.0 = Debug|Any CPU
		{AE4908B3-8202-3CC7-3D97-393B3447E6AB}.Release|Any CPU.ActiveCfg = Release|Any CPU
		{AE4908B3-8202-3CC7-3D97-393B3447E6AB}.Release|Any CPU.Build.0 = Release|Any CPU
	EndGlobalSection
	GlobalSection(SolutionProperties) = preSolution
		HideSolutionNode = FALSE
	EndGlobalSection
	GlobalSection(MonoDevelopProperties) = preSolution
		StartupItem = Assembly-CSharp.csproj
	EndGlobalSection
EndGlobal
