
Microsoft Visual Studio Solution File, Format Version 12.00
# Visual Studio 2017
Project("{FAE04EC0-301F-11D3-BF4B-00C04F79EFBC}") = "lebeaur_MemoryGame", "lebeaur_MemoryGame.csproj", "{42184D6F-F324-E463-249E-385392F2DDF1}"
EndProject
Global
	GlobalSection(SolutionConfigurationPlatforms) = preSolution
		Debug|Any CPU = Debug|Any CPU
		Release|Any CPU = Release|Any CPU
	EndGlobalSection
	GlobalSection(ProjectConfigurationPlatforms) = postSolution
		{42184D6F-F324-E463-249E-385392F2DDF1}.Debug|Any CPU.ActiveCfg = Debug|Any CPU
		{42184D6F-F324-E463-249E-385392F2DDF1}.Debug|Any CPU.Build.0 = Debug|Any CPU
		{42184D6F-F324-E463-249E-385392F2DDF1}.Release|Any CPU.ActiveCfg = Release|Any CPU
		{42184D6F-F324-E463-249E-385392F2DDF1}.Release|Any CPU.Build.0 = Release|Any CPU
	EndGlobalSection
	GlobalSection(SolutionProperties) = preSolution
		HideSolutionNode = FALSE
	EndGlobalSection
EndGlobal
