
Microsoft Visual Studio Solution File, Format Version 12.00
# Visual Studio 15
Project("{FAE04EC0-301F-11D3-BF4B-00C04F79EFBC}") = "FinalProj - RyanLebeau", "Assembly-CSharp.csproj", "{B558B074-3670-BD20-33AD-BE9C91DAC0AF}"
EndProject
Global
	GlobalSection(SolutionConfigurationPlatforms) = preSolution
		Debug|Any CPU = Debug|Any CPU
		Release|Any CPU = Release|Any CPU
	EndGlobalSection
	GlobalSection(ProjectConfigurationPlatforms) = postSolution
		{B558B074-3670-BD20-33AD-BE9C91DAC0AF}.Debug|Any CPU.ActiveCfg = Debug|Any CPU
		{B558B074-3670-BD20-33AD-BE9C91DAC0AF}.Debug|Any CPU.Build.0 = Debug|Any CPU
		{B558B074-3670-BD20-33AD-BE9C91DAC0AF}.Release|Any CPU.ActiveCfg = Release|Any CPU
		{B558B074-3670-BD20-33AD-BE9C91DAC0AF}.Release|Any CPU.Build.0 = Release|Any CPU
	EndGlobalSection
	GlobalSection(SolutionProperties) = preSolution
		HideSolutionNode = FALSE
	EndGlobalSection
EndGlobal
