
Microsoft Visual Studio Solution File, Format Version 12.00
# Visual Studio 2017
Project("{FAE04EC0-301F-11D3-BF4B-00C04F79EFBC}") = "lebeaur_SpaceShootProject", "lebeaur_SpaceShootProject.csproj", "{9DAE2C0E-7EC0-6394-4C10-98B62E9E2192}"
EndProject
Global
	GlobalSection(SolutionConfigurationPlatforms) = preSolution
		Debug|Any CPU = Debug|Any CPU
		Release|Any CPU = Release|Any CPU
	EndGlobalSection
	GlobalSection(ProjectConfigurationPlatforms) = postSolution
		{9DAE2C0E-7EC0-6394-4C10-98B62E9E2192}.Debug|Any CPU.ActiveCfg = Debug|Any CPU
		{9DAE2C0E-7EC0-6394-4C10-98B62E9E2192}.Debug|Any CPU.Build.0 = Debug|Any CPU
		{9DAE2C0E-7EC0-6394-4C10-98B62E9E2192}.Release|Any CPU.ActiveCfg = Release|Any CPU
		{9DAE2C0E-7EC0-6394-4C10-98B62E9E2192}.Release|Any CPU.Build.0 = Release|Any CPU
	EndGlobalSection
	GlobalSection(SolutionProperties) = preSolution
		HideSolutionNode = FALSE
	EndGlobalSection
EndGlobal
